
Microsoft Visual Studio Solution File, Format Version 12.00
# Visual Studio Version 16
VisualStudioVersion = 16.0.31702.278
MinimumVisualStudioVersion = 10.0.40219.1
Project("{9A19103F-16F7-4668-BE54-9A1E7A4F7556}") = "szisharo", "szisharo\szisharo.csproj", "{10379747-66BD-4508-933C-FD861F910C95}"
EndProject
Project("{FAE04EC0-301F-11D3-BF4B-00C04F79EFBC}") = "mtable2", "mtable2\mtable2.csproj", "{87408DA9-5D9A-48B9-A8F2-CDAC8B4F023D}"
EndProject
Project("{FAE04EC0-301F-11D3-BF4B-00C04F79EFBC}") = "calculator", "calculator\calculator.csproj", "{307ED5C2-455A-499C-8FE1-F4600083D25E}"
EndProject
Project("{FAE04EC0-301F-11D3-BF4B-00C04F79EFBC}") = "k02.08k", "k02.08k\k02.08k.csproj", "{266D6375-DE82-478D-B48D-3D0380D64873}"
EndProject
Project("{FAE04EC0-301F-11D3-BF4B-00C04F79EFBC}") = "szamszer", "szamszer\szamszer.csproj", "{B979F6ED-AC5B-417F-9A51-A9DCC3E96428}"
EndProject
Project("{FAE04EC0-301F-11D3-BF4B-00C04F79EFBC}") = "szamtomb", "szamtomb\szamtomb.csproj", "{455FCE9E-61F6-4B19-8A16-3290745B2719}"
EndProject
Project("{FAE04EC0-301F-11D3-BF4B-00C04F79EFBC}") = "konyv", "konyv\konyv.csproj", "{415496C4-52AD-4040-8214-F4C86E4E7419}"
EndProject
Project("{FAE04EC0-301F-11D3-BF4B-00C04F79EFBC}") = "szamertek", "szamertek\szamertek.csproj", "{AAE3CA9F-EC76-4DDE-B265-F402F100BFE7}"
EndProject
Project("{FAE04EC0-301F-11D3-BF4B-00C04F79EFBC}") = "legnagyobb", "legnagyobb\legnagyobb.csproj", "{B78C372D-9D3A-482D-A79E-5FDCED3CEF82}"
EndProject
Project("{FAE04EC0-301F-11D3-BF4B-00C04F79EFBC}") = "intervallumotosei", "ConsoleApp1\intervallumotosei.csproj", "{411A800B-C415-4C2C-BCBF-805EB733E908}"
EndProject
Project("{FAE04EC0-301F-11D3-BF4B-00C04F79EFBC}") = "ponthatar", "ponthatar\ponthatar.csproj", "{2945BBD5-6171-4DC0-BEE9-B33F08B69831}"
EndProject
Project("{FAE04EC0-301F-11D3-BF4B-00C04F79EFBC}") = "ponttavolsag", "ponttavolsag\ponttavolsag.csproj", "{2AFC3D2B-C9A9-414E-A4B4-BA80471E5069}"
EndProject
Project("{FAE04EC0-301F-11D3-BF4B-00C04F79EFBC}") = "testtomegindex", "testtomegindex\testtomegindex.csproj", "{9FABA9CA-3AB0-4822-8D8F-7EDD1412CA2E}"
EndProject
Project("{FAE04EC0-301F-11D3-BF4B-00C04F79EFBC}") = "cimletezes", "cimletezes\cimletezes.csproj", "{E61E5485-0D7E-4F5A-8DD8-B27A6F43511B}"
EndProject
Project("{FAE04EC0-301F-11D3-BF4B-00C04F79EFBC}") = "szisharoclass2", "szisharoclass2\szisharoclass2.csproj", "{2B334DCB-03C1-43B3-8ACF-5973949139A3}"
EndProject
Project("{FAE04EC0-301F-11D3-BF4B-00C04F79EFBC}") = "cica", "valami\cica.csproj", "{779AB253-8CF9-4E47-AC22-282723CFD42B}"
EndProject
Project("{FAE04EC0-301F-11D3-BF4B-00C04F79EFBC}") = "henger", "henger\henger.csproj", "{DDFC3E28-51B1-4E64-8DE4-0FA524322D5D}"
EndProject
Project("{FAE04EC0-301F-11D3-BF4B-00C04F79EFBC}") = "VektorMatrix", "VektorMatrix\VektorMatrix.csproj", "{EF2C3034-0F39-4199-8FAF-442CA486060A}"
EndProject
Project("{FAE04EC0-301F-11D3-BF4B-00C04F79EFBC}") = "halmaz", "halmaz\halmaz.csproj", "{040C5AFC-E52A-4811-A5A5-0EAA98393A23}"
EndProject
Project("{FAE04EC0-301F-11D3-BF4B-00C04F79EFBC}") = "atlaghomer", "atlaghomer\atlaghomer.csproj", "{E0BBAD0A-0C17-4F93-B816-8265D1BE15DE}"
EndProject
Project("{FAE04EC0-301F-11D3-BF4B-00C04F79EFBC}") = "csempezes", "csempezes\csempezes.csproj", "{7436CCC1-65E3-48B9-85B1-952033DF8343}"
EndProject
Project("{FAE04EC0-301F-11D3-BF4B-00C04F79EFBC}") = "dinnyeeeee", "dinnyeeeee\dinnyeeeee.csproj", "{55FA99E8-CDA0-447C-8AC4-4709515BE847}"
EndProject
Project("{FAE04EC0-301F-11D3-BF4B-00C04F79EFBC}") = "kornekTeruletKerulet", "kornekTeruletKerulet\kornekTeruletKerulet.csproj", "{8ABC7F4A-2CB4-4C0B-B67D-D121321BEB34}"
EndProject
Project("{FAE04EC0-301F-11D3-BF4B-00C04F79EFBC}") = "matrixatloja", "matrixatloja\matrixatloja.csproj", "{00007E29-BDD4-49FC-B2BC-B925367F2E1A}"
EndProject
Project("{FAE04EC0-301F-11D3-BF4B-00C04F79EFBC}") = "termenyjoslas", "termenyjoslas\termenyjoslas.csproj", "{F7F3FBD5-230A-4439-B31B-392546D01DDD}"
EndProject
Project("{FAE04EC0-301F-11D3-BF4B-00C04F79EFBC}") = "szamkiiras", "szamkiiras\szamkiiras.csproj", "{80CEAB9B-0CF6-42E9-B097-0118845698A4}"
EndProject
Project("{FAE04EC0-301F-11D3-BF4B-00C04F79EFBC}") = "halmaz2", "halmaz2\halmaz2.csproj", "{9F931631-CF7F-4F43-A06C-77A2ADF85461}"
EndProject
Project("{FAE04EC0-301F-11D3-BF4B-00C04F79EFBC}") = "polimorf", "polimorf\polimorf.csproj", "{523D4E4D-44CB-443B-83C7-3A6E1953D778}"
EndProject
Project("{FAE04EC0-301F-11D3-BF4B-00C04F79EFBC}") = "igazolatlanok", "igazolatlanok\igazolatlanok.csproj", "{C1E3A8DB-C31C-477A-8589-FE780961DA0A}"
EndProject
Project("{FAE04EC0-301F-11D3-BF4B-00C04F79EFBC}") = "MinMax", "MinMax\MinMax.csproj", "{46D7EF18-F7D4-4CF4-8767-C5EC946AD018}"
EndProject
Project("{FAE04EC0-301F-11D3-BF4B-00C04F79EFBC}") = "izland", "izland\izland.csproj", "{0AE824FA-5CBD-4546-AF66-70019C39C28A}"
EndProject
Project("{FAE04EC0-301F-11D3-BF4B-00C04F79EFBC}") = "homersekletElemzes", "homersekletElemzes\homersekletElemzes.csproj", "{1C85A58F-4299-4D6B-956A-CBC7F2CC818A}"
EndProject
Project("{FAE04EC0-301F-11D3-BF4B-00C04F79EFBC}") = "Sorozatok", "Sorozatok\Sorozatok.csproj", "{7A0B9C90-96DD-49C2-8571-EF287E8F6B0B}"
EndProject
Project("{FAE04EC0-301F-11D3-BF4B-00C04F79EFBC}") = "Binaris", "Binaris\Binaris.csproj", "{676BEDBA-4488-499C-8E03-F9C6BAD7A626}"
EndProject
Project("{FAE04EC0-301F-11D3-BF4B-00C04F79EFBC}") = "Lotto", "Lotto\Lotto.csproj", "{B6B458E4-3E67-418A-A159-7682C6E7F32F}"
EndProject
Project("{FAE04EC0-301F-11D3-BF4B-00C04F79EFBC}") = "Menu", "Menu\Menu.csproj", "{1EDA90C4-3619-4328-894C-1AF361C366E0}"
EndProject
Project("{FAE04EC0-301F-11D3-BF4B-00C04F79EFBC}") = "Kettes", "Kettes\Kettes.csproj", "{2B19868D-1A1E-49E4-8F59-680400608E1F}"
EndProject
Project("{FAE04EC0-301F-11D3-BF4B-00C04F79EFBC}") = "Szamrendszer", "Szamrendszer\Szamrendszer.csproj", "{911F2DFC-F566-4C39-A9BA-7818B385EC39}"
EndProject
Project("{FAE04EC0-301F-11D3-BF4B-00C04F79EFBC}") = "Palindrom", "Palindrom\Palindrom.csproj", "{F62BB405-BB68-4AC4-8220-E86BB08910D9}"
EndProject
Project("{FAE04EC0-301F-11D3-BF4B-00C04F79EFBC}") = "Tukor", "Tukor\Tukor.csproj", "{42F35C46-702F-4D90-BF50-3E94E88DFD38}"
EndProject
Project("{FAE04EC0-301F-11D3-BF4B-00C04F79EFBC}") = "Nullak", "Nullak\Nullak.csproj", "{36778FC7-5621-43C5-A5C1-5C181A772BCD}"
EndProject
Project("{FAE04EC0-301F-11D3-BF4B-00C04F79EFBC}") = "ForAndForeach", "ForAndForeach\ForAndForeach.csproj", "{6C284445-0730-4B50-8DBC-CEBEE9BE92DD}"
EndProject
Project("{FAE04EC0-301F-11D3-BF4B-00C04F79EFBC}") = "Fibonacci", "Fibonacci\Fibonacci.csproj", "{F130A5EC-95FF-46DD-A6C3-A823ED5EC0ED}"
EndProject
Project("{FAE04EC0-301F-11D3-BF4B-00C04F79EFBC}") = "MatrixBill", "MatrixBill\MatrixBill.csproj", "{8A701DFB-B1E6-4115-B990-F006F9CD3727}"
EndProject
Project("{FAE04EC0-301F-11D3-BF4B-00C04F79EFBC}") = "MatrixBill3", "MatrixBill3\MatrixBill3.csproj", "{76AB10FA-2875-47FB-A674-A9BB85CD3ACA}"
EndProject
Project("{FAE04EC0-301F-11D3-BF4B-00C04F79EFBC}") = "MatrixBill2", "MaxBill2\MatrixBill2.csproj", "{7DE79699-7912-4D6C-AD07-4EB4A12AA126}"
EndProject
Project("{FAE04EC0-301F-11D3-BF4B-00C04F79EFBC}") = "Matrix4", "Matrix4\Matrix4.csproj", "{A10179BE-1ECC-4AD4-B830-458882C245F4}"
EndProject
Project("{FAE04EC0-301F-11D3-BF4B-00C04F79EFBC}") = "Matrix5", "Matrix5\Matrix5.csproj", "{D9253063-E3D5-4592-9724-6B7816ADE013}"
EndProject
Project("{FAE04EC0-301F-11D3-BF4B-00C04F79EFBC}") = "Matrix6", "Matrix6\Matrix6.csproj", "{ED6DE90D-45D6-4900-86AC-BA126DDE8F2E}"
EndProject
Project("{FAE04EC0-301F-11D3-BF4B-00C04F79EFBC}") = "ConsoleWrite", "ConsoleWrite\ConsoleWrite.csproj", "{B0948AB2-2645-4F67-A341-8034295A6F43}"
EndProject
Project("{FAE04EC0-301F-11D3-BF4B-00C04F79EFBC}") = "TestConsoleWrite", "TestConsoleWrite\TestConsoleWrite.csproj", "{DC8AE2DC-BD69-455D-812E-ABC331BB6AF4}"
EndProject
Project("{FAE04EC0-301F-11D3-BF4B-00C04F79EFBC}") = "Negyzet", "Negyzet\Negyzet.csproj", "{7A99212B-F5CC-4585-A6CE-154209980278}"
EndProject
Project("{FAE04EC0-301F-11D3-BF4B-00C04F79EFBC}") = "NegyszogTeszt", "NegyszogTeszt\NegyszogTeszt.csproj", "{B972042D-7E6B-43B2-ABA7-95EC7AD83C3E}"
EndProject
Project("{FAE04EC0-301F-11D3-BF4B-00C04F79EFBC}") = "Oszthat", "Oszthat\Oszthat.csproj", "{9CBFABBD-1E9B-4BE0-ABC6-3681BAD301B2}"
EndProject
Project("{FAE04EC0-301F-11D3-BF4B-00C04F79EFBC}") = "OszthatoTest", "OszthatoTest\OszthatoTest.csproj", "{3A28D624-2654-49FE-B7E1-CAFB13317EFC}"
EndProject
Project("{FAE04EC0-301F-11D3-BF4B-00C04F79EFBC}") = "Varosnevek", "Varosnevek\Varosnevek.csproj", "{12083D7C-A219-40AB-BDA9-4CB24DFCBB1B}"
EndProject
Project("{FAE04EC0-301F-11D3-BF4B-00C04F79EFBC}") = "Henger3", "Henger3\Henger3.csproj", "{BDAD7D19-C6D8-468A-A00B-0FAB3040DE32}"
EndProject
Project("{FAE04EC0-301F-11D3-BF4B-00C04F79EFBC}") = "Henger3Teszt", "Henger3Teszt\Henger3Teszt.csproj", "{D1C8B3FE-AFA3-4293-B30C-0581886852B1}"
EndProject
Global
	GlobalSection(SolutionConfigurationPlatforms) = preSolution
		Debug|Any CPU = Debug|Any CPU
		Release|Any CPU = Release|Any CPU
	EndGlobalSection
	GlobalSection(ProjectConfigurationPlatforms) = postSolution
		{10379747-66BD-4508-933C-FD861F910C95}.Debug|Any CPU.ActiveCfg = Debug|Any CPU
		{10379747-66BD-4508-933C-FD861F910C95}.Debug|Any CPU.Build.0 = Debug|Any CPU
		{10379747-66BD-4508-933C-FD861F910C95}.Release|Any CPU.ActiveCfg = Release|Any CPU
		{10379747-66BD-4508-933C-FD861F910C95}.Release|Any CPU.Build.0 = Release|Any CPU
		{87408DA9-5D9A-48B9-A8F2-CDAC8B4F023D}.Debug|Any CPU.ActiveCfg = Debug|Any CPU
		{87408DA9-5D9A-48B9-A8F2-CDAC8B4F023D}.Debug|Any CPU.Build.0 = Debug|Any CPU
		{87408DA9-5D9A-48B9-A8F2-CDAC8B4F023D}.Release|Any CPU.ActiveCfg = Release|Any CPU
		{87408DA9-5D9A-48B9-A8F2-CDAC8B4F023D}.Release|Any CPU.Build.0 = Release|Any CPU
		{307ED5C2-455A-499C-8FE1-F4600083D25E}.Debug|Any CPU.ActiveCfg = Debug|Any CPU
		{307ED5C2-455A-499C-8FE1-F4600083D25E}.Debug|Any CPU.Build.0 = Debug|Any CPU
		{307ED5C2-455A-499C-8FE1-F4600083D25E}.Release|Any CPU.ActiveCfg = Release|Any CPU
		{307ED5C2-455A-499C-8FE1-F4600083D25E}.Release|Any CPU.Build.0 = Release|Any CPU
		{266D6375-DE82-478D-B48D-3D0380D64873}.Debug|Any CPU.ActiveCfg = Debug|Any CPU
		{266D6375-DE82-478D-B48D-3D0380D64873}.Debug|Any CPU.Build.0 = Debug|Any CPU
		{266D6375-DE82-478D-B48D-3D0380D64873}.Release|Any CPU.ActiveCfg = Release|Any CPU
		{266D6375-DE82-478D-B48D-3D0380D64873}.Release|Any CPU.Build.0 = Release|Any CPU
		{B979F6ED-AC5B-417F-9A51-A9DCC3E96428}.Debug|Any CPU.ActiveCfg = Debug|Any CPU
		{B979F6ED-AC5B-417F-9A51-A9DCC3E96428}.Debug|Any CPU.Build.0 = Debug|Any CPU
		{B979F6ED-AC5B-417F-9A51-A9DCC3E96428}.Release|Any CPU.ActiveCfg = Release|Any CPU
		{B979F6ED-AC5B-417F-9A51-A9DCC3E96428}.Release|Any CPU.Build.0 = Release|Any CPU
		{455FCE9E-61F6-4B19-8A16-3290745B2719}.Debug|Any CPU.ActiveCfg = Debug|Any CPU
		{455FCE9E-61F6-4B19-8A16-3290745B2719}.Debug|Any CPU.Build.0 = Debug|Any CPU
		{455FCE9E-61F6-4B19-8A16-3290745B2719}.Release|Any CPU.ActiveCfg = Release|Any CPU
		{455FCE9E-61F6-4B19-8A16-3290745B2719}.Release|Any CPU.Build.0 = Release|Any CPU
		{415496C4-52AD-4040-8214-F4C86E4E7419}.Debug|Any CPU.ActiveCfg = Debug|Any CPU
		{415496C4-52AD-4040-8214-F4C86E4E7419}.Debug|Any CPU.Build.0 = Debug|Any CPU
		{415496C4-52AD-4040-8214-F4C86E4E7419}.Release|Any CPU.ActiveCfg = Release|Any CPU
		{415496C4-52AD-4040-8214-F4C86E4E7419}.Release|Any CPU.Build.0 = Release|Any CPU
		{AAE3CA9F-EC76-4DDE-B265-F402F100BFE7}.Debug|Any CPU.ActiveCfg = Debug|Any CPU
		{AAE3CA9F-EC76-4DDE-B265-F402F100BFE7}.Debug|Any CPU.Build.0 = Debug|Any CPU
		{AAE3CA9F-EC76-4DDE-B265-F402F100BFE7}.Release|Any CPU.ActiveCfg = Release|Any CPU
		{AAE3CA9F-EC76-4DDE-B265-F402F100BFE7}.Release|Any CPU.Build.0 = Release|Any CPU
		{B78C372D-9D3A-482D-A79E-5FDCED3CEF82}.Debug|Any CPU.ActiveCfg = Debug|Any CPU
		{B78C372D-9D3A-482D-A79E-5FDCED3CEF82}.Debug|Any CPU.Build.0 = Debug|Any CPU
		{B78C372D-9D3A-482D-A79E-5FDCED3CEF82}.Release|Any CPU.ActiveCfg = Release|Any CPU
		{B78C372D-9D3A-482D-A79E-5FDCED3CEF82}.Release|Any CPU.Build.0 = Release|Any CPU
		{411A800B-C415-4C2C-BCBF-805EB733E908}.Debug|Any CPU.ActiveCfg = Debug|Any CPU
		{411A800B-C415-4C2C-BCBF-805EB733E908}.Debug|Any CPU.Build.0 = Debug|Any CPU
		{411A800B-C415-4C2C-BCBF-805EB733E908}.Release|Any CPU.ActiveCfg = Release|Any CPU
		{411A800B-C415-4C2C-BCBF-805EB733E908}.Release|Any CPU.Build.0 = Release|Any CPU
		{2945BBD5-6171-4DC0-BEE9-B33F08B69831}.Debug|Any CPU.ActiveCfg = Debug|Any CPU
		{2945BBD5-6171-4DC0-BEE9-B33F08B69831}.Debug|Any CPU.Build.0 = Debug|Any CPU
		{2945BBD5-6171-4DC0-BEE9-B33F08B69831}.Release|Any CPU.ActiveCfg = Release|Any CPU
		{2945BBD5-6171-4DC0-BEE9-B33F08B69831}.Release|Any CPU.Build.0 = Release|Any CPU
		{2AFC3D2B-C9A9-414E-A4B4-BA80471E5069}.Debug|Any CPU.ActiveCfg = Debug|Any CPU
		{2AFC3D2B-C9A9-414E-A4B4-BA80471E5069}.Debug|Any CPU.Build.0 = Debug|Any CPU
		{2AFC3D2B-C9A9-414E-A4B4-BA80471E5069}.Release|Any CPU.ActiveCfg = Release|Any CPU
		{2AFC3D2B-C9A9-414E-A4B4-BA80471E5069}.Release|Any CPU.Build.0 = Release|Any CPU
		{9FABA9CA-3AB0-4822-8D8F-7EDD1412CA2E}.Debug|Any CPU.ActiveCfg = Debug|Any CPU
		{9FABA9CA-3AB0-4822-8D8F-7EDD1412CA2E}.Debug|Any CPU.Build.0 = Debug|Any CPU
		{9FABA9CA-3AB0-4822-8D8F-7EDD1412CA2E}.Release|Any CPU.ActiveCfg = Release|Any CPU
		{9FABA9CA-3AB0-4822-8D8F-7EDD1412CA2E}.Release|Any CPU.Build.0 = Release|Any CPU
		{E61E5485-0D7E-4F5A-8DD8-B27A6F43511B}.Debug|Any CPU.ActiveCfg = Debug|Any CPU
		{E61E5485-0D7E-4F5A-8DD8-B27A6F43511B}.Debug|Any CPU.Build.0 = Debug|Any CPU
		{E61E5485-0D7E-4F5A-8DD8-B27A6F43511B}.Release|Any CPU.ActiveCfg = Release|Any CPU
		{E61E5485-0D7E-4F5A-8DD8-B27A6F43511B}.Release|Any CPU.Build.0 = Release|Any CPU
		{2B334DCB-03C1-43B3-8ACF-5973949139A3}.Debug|Any CPU.ActiveCfg = Debug|Any CPU
		{2B334DCB-03C1-43B3-8ACF-5973949139A3}.Debug|Any CPU.Build.0 = Debug|Any CPU
		{2B334DCB-03C1-43B3-8ACF-5973949139A3}.Release|Any CPU.ActiveCfg = Release|Any CPU
		{2B334DCB-03C1-43B3-8ACF-5973949139A3}.Release|Any CPU.Build.0 = Release|Any CPU
		{779AB253-8CF9-4E47-AC22-282723CFD42B}.Debug|Any CPU.ActiveCfg = Debug|Any CPU
		{779AB253-8CF9-4E47-AC22-282723CFD42B}.Debug|Any CPU.Build.0 = Debug|Any CPU
		{779AB253-8CF9-4E47-AC22-282723CFD42B}.Release|Any CPU.ActiveCfg = Release|Any CPU
		{779AB253-8CF9-4E47-AC22-282723CFD42B}.Release|Any CPU.Build.0 = Release|Any CPU
		{DDFC3E28-51B1-4E64-8DE4-0FA524322D5D}.Debug|Any CPU.ActiveCfg = Debug|Any CPU
		{DDFC3E28-51B1-4E64-8DE4-0FA524322D5D}.Debug|Any CPU.Build.0 = Debug|Any CPU
		{DDFC3E28-51B1-4E64-8DE4-0FA524322D5D}.Release|Any CPU.ActiveCfg = Release|Any CPU
		{DDFC3E28-51B1-4E64-8DE4-0FA524322D5D}.Release|Any CPU.Build.0 = Release|Any CPU
		{EF2C3034-0F39-4199-8FAF-442CA486060A}.Debug|Any CPU.ActiveCfg = Debug|Any CPU
		{EF2C3034-0F39-4199-8FAF-442CA486060A}.Debug|Any CPU.Build.0 = Debug|Any CPU
		{EF2C3034-0F39-4199-8FAF-442CA486060A}.Release|Any CPU.ActiveCfg = Release|Any CPU
		{EF2C3034-0F39-4199-8FAF-442CA486060A}.Release|Any CPU.Build.0 = Release|Any CPU
		{040C5AFC-E52A-4811-A5A5-0EAA98393A23}.Debug|Any CPU.ActiveCfg = Debug|Any CPU
		{040C5AFC-E52A-4811-A5A5-0EAA98393A23}.Debug|Any CPU.Build.0 = Debug|Any CPU
		{040C5AFC-E52A-4811-A5A5-0EAA98393A23}.Release|Any CPU.ActiveCfg = Release|Any CPU
		{040C5AFC-E52A-4811-A5A5-0EAA98393A23}.Release|Any CPU.Build.0 = Release|Any CPU
		{E0BBAD0A-0C17-4F93-B816-8265D1BE15DE}.Debug|Any CPU.ActiveCfg = Debug|Any CPU
		{E0BBAD0A-0C17-4F93-B816-8265D1BE15DE}.Debug|Any CPU.Build.0 = Debug|Any CPU
		{E0BBAD0A-0C17-4F93-B816-8265D1BE15DE}.Release|Any CPU.ActiveCfg = Release|Any CPU
		{E0BBAD0A-0C17-4F93-B816-8265D1BE15DE}.Release|Any CPU.Build.0 = Release|Any CPU
		{7436CCC1-65E3-48B9-85B1-952033DF8343}.Debug|Any CPU.ActiveCfg = Debug|Any CPU
		{7436CCC1-65E3-48B9-85B1-952033DF8343}.Debug|Any CPU.Build.0 = Debug|Any CPU
		{7436CCC1-65E3-48B9-85B1-952033DF8343}.Release|Any CPU.ActiveCfg = Release|Any CPU
		{7436CCC1-65E3-48B9-85B1-952033DF8343}.Release|Any CPU.Build.0 = Release|Any CPU
		{55FA99E8-CDA0-447C-8AC4-4709515BE847}.Debug|Any CPU.ActiveCfg = Debug|Any CPU
		{55FA99E8-CDA0-447C-8AC4-4709515BE847}.Debug|Any CPU.Build.0 = Debug|Any CPU
		{55FA99E8-CDA0-447C-8AC4-4709515BE847}.Release|Any CPU.ActiveCfg = Release|Any CPU
		{55FA99E8-CDA0-447C-8AC4-4709515BE847}.Release|Any CPU.Build.0 = Release|Any CPU
		{8ABC7F4A-2CB4-4C0B-B67D-D121321BEB34}.Debug|Any CPU.ActiveCfg = Debug|Any CPU
		{8ABC7F4A-2CB4-4C0B-B67D-D121321BEB34}.Debug|Any CPU.Build.0 = Debug|Any CPU
		{8ABC7F4A-2CB4-4C0B-B67D-D121321BEB34}.Release|Any CPU.ActiveCfg = Release|Any CPU
		{8ABC7F4A-2CB4-4C0B-B67D-D121321BEB34}.Release|Any CPU.Build.0 = Release|Any CPU
		{00007E29-BDD4-49FC-B2BC-B925367F2E1A}.Debug|Any CPU.ActiveCfg = Debug|Any CPU
		{00007E29-BDD4-49FC-B2BC-B925367F2E1A}.Debug|Any CPU.Build.0 = Debug|Any CPU
		{00007E29-BDD4-49FC-B2BC-B925367F2E1A}.Release|Any CPU.ActiveCfg = Release|Any CPU
		{00007E29-BDD4-49FC-B2BC-B925367F2E1A}.Release|Any CPU.Build.0 = Release|Any CPU
		{F7F3FBD5-230A-4439-B31B-392546D01DDD}.Debug|Any CPU.ActiveCfg = Debug|Any CPU
		{F7F3FBD5-230A-4439-B31B-392546D01DDD}.Debug|Any CPU.Build.0 = Debug|Any CPU
		{F7F3FBD5-230A-4439-B31B-392546D01DDD}.Release|Any CPU.ActiveCfg = Release|Any CPU
		{F7F3FBD5-230A-4439-B31B-392546D01DDD}.Release|Any CPU.Build.0 = Release|Any CPU
		{80CEAB9B-0CF6-42E9-B097-0118845698A4}.Debug|Any CPU.ActiveCfg = Debug|Any CPU
		{80CEAB9B-0CF6-42E9-B097-0118845698A4}.Debug|Any CPU.Build.0 = Debug|Any CPU
		{80CEAB9B-0CF6-42E9-B097-0118845698A4}.Release|Any CPU.ActiveCfg = Release|Any CPU
		{80CEAB9B-0CF6-42E9-B097-0118845698A4}.Release|Any CPU.Build.0 = Release|Any CPU
		{9F931631-CF7F-4F43-A06C-77A2ADF85461}.Debug|Any CPU.ActiveCfg = Debug|Any CPU
		{9F931631-CF7F-4F43-A06C-77A2ADF85461}.Debug|Any CPU.Build.0 = Debug|Any CPU
		{9F931631-CF7F-4F43-A06C-77A2ADF85461}.Release|Any CPU.ActiveCfg = Release|Any CPU
		{9F931631-CF7F-4F43-A06C-77A2ADF85461}.Release|Any CPU.Build.0 = Release|Any CPU
		{523D4E4D-44CB-443B-83C7-3A6E1953D778}.Debug|Any CPU.ActiveCfg = Debug|Any CPU
		{523D4E4D-44CB-443B-83C7-3A6E1953D778}.Debug|Any CPU.Build.0 = Debug|Any CPU
		{523D4E4D-44CB-443B-83C7-3A6E1953D778}.Release|Any CPU.ActiveCfg = Release|Any CPU
		{523D4E4D-44CB-443B-83C7-3A6E1953D778}.Release|Any CPU.Build.0 = Release|Any CPU
		{C1E3A8DB-C31C-477A-8589-FE780961DA0A}.Debug|Any CPU.ActiveCfg = Debug|Any CPU
		{C1E3A8DB-C31C-477A-8589-FE780961DA0A}.Debug|Any CPU.Build.0 = Debug|Any CPU
		{C1E3A8DB-C31C-477A-8589-FE780961DA0A}.Release|Any CPU.ActiveCfg = Release|Any CPU
		{C1E3A8DB-C31C-477A-8589-FE780961DA0A}.Release|Any CPU.Build.0 = Release|Any CPU
		{46D7EF18-F7D4-4CF4-8767-C5EC946AD018}.Debug|Any CPU.ActiveCfg = Debug|Any CPU
		{46D7EF18-F7D4-4CF4-8767-C5EC946AD018}.Debug|Any CPU.Build.0 = Debug|Any CPU
		{46D7EF18-F7D4-4CF4-8767-C5EC946AD018}.Release|Any CPU.ActiveCfg = Release|Any CPU
		{46D7EF18-F7D4-4CF4-8767-C5EC946AD018}.Release|Any CPU.Build.0 = Release|Any CPU
		{0AE824FA-5CBD-4546-AF66-70019C39C28A}.Debug|Any CPU.ActiveCfg = Debug|Any CPU
		{0AE824FA-5CBD-4546-AF66-70019C39C28A}.Debug|Any CPU.Build.0 = Debug|Any CPU
		{0AE824FA-5CBD-4546-AF66-70019C39C28A}.Release|Any CPU.ActiveCfg = Release|Any CPU
		{0AE824FA-5CBD-4546-AF66-70019C39C28A}.Release|Any CPU.Build.0 = Release|Any CPU
		{1C85A58F-4299-4D6B-956A-CBC7F2CC818A}.Debug|Any CPU.ActiveCfg = Debug|Any CPU
		{1C85A58F-4299-4D6B-956A-CBC7F2CC818A}.Debug|Any CPU.Build.0 = Debug|Any CPU
		{1C85A58F-4299-4D6B-956A-CBC7F2CC818A}.Release|Any CPU.ActiveCfg = Release|Any CPU
		{1C85A58F-4299-4D6B-956A-CBC7F2CC818A}.Release|Any CPU.Build.0 = Release|Any CPU
		{7A0B9C90-96DD-49C2-8571-EF287E8F6B0B}.Debug|Any CPU.ActiveCfg = Debug|Any CPU
		{7A0B9C90-96DD-49C2-8571-EF287E8F6B0B}.Debug|Any CPU.Build.0 = Debug|Any CPU
		{7A0B9C90-96DD-49C2-8571-EF287E8F6B0B}.Release|Any CPU.ActiveCfg = Release|Any CPU
		{7A0B9C90-96DD-49C2-8571-EF287E8F6B0B}.Release|Any CPU.Build.0 = Release|Any CPU
		{676BEDBA-4488-499C-8E03-F9C6BAD7A626}.Debug|Any CPU.ActiveCfg = Debug|Any CPU
		{676BEDBA-4488-499C-8E03-F9C6BAD7A626}.Debug|Any CPU.Build.0 = Debug|Any CPU
		{676BEDBA-4488-499C-8E03-F9C6BAD7A626}.Release|Any CPU.ActiveCfg = Release|Any CPU
		{676BEDBA-4488-499C-8E03-F9C6BAD7A626}.Release|Any CPU.Build.0 = Release|Any CPU
		{B6B458E4-3E67-418A-A159-7682C6E7F32F}.Debug|Any CPU.ActiveCfg = Debug|Any CPU
		{B6B458E4-3E67-418A-A159-7682C6E7F32F}.Debug|Any CPU.Build.0 = Debug|Any CPU
		{B6B458E4-3E67-418A-A159-7682C6E7F32F}.Release|Any CPU.ActiveCfg = Release|Any CPU
		{B6B458E4-3E67-418A-A159-7682C6E7F32F}.Release|Any CPU.Build.0 = Release|Any CPU
		{1EDA90C4-3619-4328-894C-1AF361C366E0}.Debug|Any CPU.ActiveCfg = Debug|Any CPU
		{1EDA90C4-3619-4328-894C-1AF361C366E0}.Debug|Any CPU.Build.0 = Debug|Any CPU
		{1EDA90C4-3619-4328-894C-1AF361C366E0}.Release|Any CPU.ActiveCfg = Release|Any CPU
		{1EDA90C4-3619-4328-894C-1AF361C366E0}.Release|Any CPU.Build.0 = Release|Any CPU
		{2B19868D-1A1E-49E4-8F59-680400608E1F}.Debug|Any CPU.ActiveCfg = Debug|Any CPU
		{2B19868D-1A1E-49E4-8F59-680400608E1F}.Debug|Any CPU.Build.0 = Debug|Any CPU
		{2B19868D-1A1E-49E4-8F59-680400608E1F}.Release|Any CPU.ActiveCfg = Release|Any CPU
		{2B19868D-1A1E-49E4-8F59-680400608E1F}.Release|Any CPU.Build.0 = Release|Any CPU
		{911F2DFC-F566-4C39-A9BA-7818B385EC39}.Debug|Any CPU.ActiveCfg = Debug|Any CPU
		{911F2DFC-F566-4C39-A9BA-7818B385EC39}.Debug|Any CPU.Build.0 = Debug|Any CPU
		{911F2DFC-F566-4C39-A9BA-7818B385EC39}.Release|Any CPU.ActiveCfg = Release|Any CPU
		{911F2DFC-F566-4C39-A9BA-7818B385EC39}.Release|Any CPU.Build.0 = Release|Any CPU
		{F62BB405-BB68-4AC4-8220-E86BB08910D9}.Debug|Any CPU.ActiveCfg = Debug|Any CPU
		{F62BB405-BB68-4AC4-8220-E86BB08910D9}.Debug|Any CPU.Build.0 = Debug|Any CPU
		{F62BB405-BB68-4AC4-8220-E86BB08910D9}.Release|Any CPU.ActiveCfg = Release|Any CPU
		{F62BB405-BB68-4AC4-8220-E86BB08910D9}.Release|Any CPU.Build.0 = Release|Any CPU
		{42F35C46-702F-4D90-BF50-3E94E88DFD38}.Debug|Any CPU.ActiveCfg = Debug|Any CPU
		{42F35C46-702F-4D90-BF50-3E94E88DFD38}.Debug|Any CPU.Build.0 = Debug|Any CPU
		{42F35C46-702F-4D90-BF50-3E94E88DFD38}.Release|Any CPU.ActiveCfg = Release|Any CPU
		{42F35C46-702F-4D90-BF50-3E94E88DFD38}.Release|Any CPU.Build.0 = Release|Any CPU
		{36778FC7-5621-43C5-A5C1-5C181A772BCD}.Debug|Any CPU.ActiveCfg = Debug|Any CPU
		{36778FC7-5621-43C5-A5C1-5C181A772BCD}.Debug|Any CPU.Build.0 = Debug|Any CPU
		{36778FC7-5621-43C5-A5C1-5C181A772BCD}.Release|Any CPU.ActiveCfg = Release|Any CPU
		{36778FC7-5621-43C5-A5C1-5C181A772BCD}.Release|Any CPU.Build.0 = Release|Any CPU
		{6C284445-0730-4B50-8DBC-CEBEE9BE92DD}.Debug|Any CPU.ActiveCfg = Debug|Any CPU
		{6C284445-0730-4B50-8DBC-CEBEE9BE92DD}.Debug|Any CPU.Build.0 = Debug|Any CPU
		{6C284445-0730-4B50-8DBC-CEBEE9BE92DD}.Release|Any CPU.ActiveCfg = Release|Any CPU
		{6C284445-0730-4B50-8DBC-CEBEE9BE92DD}.Release|Any CPU.Build.0 = Release|Any CPU
		{F130A5EC-95FF-46DD-A6C3-A823ED5EC0ED}.Debug|Any CPU.ActiveCfg = Debug|Any CPU
		{F130A5EC-95FF-46DD-A6C3-A823ED5EC0ED}.Debug|Any CPU.Build.0 = Debug|Any CPU
		{F130A5EC-95FF-46DD-A6C3-A823ED5EC0ED}.Release|Any CPU.ActiveCfg = Release|Any CPU
		{F130A5EC-95FF-46DD-A6C3-A823ED5EC0ED}.Release|Any CPU.Build.0 = Release|Any CPU
		{8A701DFB-B1E6-4115-B990-F006F9CD3727}.Debug|Any CPU.ActiveCfg = Debug|Any CPU
		{8A701DFB-B1E6-4115-B990-F006F9CD3727}.Debug|Any CPU.Build.0 = Debug|Any CPU
		{8A701DFB-B1E6-4115-B990-F006F9CD3727}.Release|Any CPU.ActiveCfg = Release|Any CPU
		{8A701DFB-B1E6-4115-B990-F006F9CD3727}.Release|Any CPU.Build.0 = Release|Any CPU
		{76AB10FA-2875-47FB-A674-A9BB85CD3ACA}.Debug|Any CPU.ActiveCfg = Debug|Any CPU
		{76AB10FA-2875-47FB-A674-A9BB85CD3ACA}.Debug|Any CPU.Build.0 = Debug|Any CPU
		{76AB10FA-2875-47FB-A674-A9BB85CD3ACA}.Release|Any CPU.ActiveCfg = Release|Any CPU
		{76AB10FA-2875-47FB-A674-A9BB85CD3ACA}.Release|Any CPU.Build.0 = Release|Any CPU
		{7DE79699-7912-4D6C-AD07-4EB4A12AA126}.Debug|Any CPU.ActiveCfg = Debug|Any CPU
		{7DE79699-7912-4D6C-AD07-4EB4A12AA126}.Debug|Any CPU.Build.0 = Debug|Any CPU
		{7DE79699-7912-4D6C-AD07-4EB4A12AA126}.Release|Any CPU.ActiveCfg = Release|Any CPU
		{7DE79699-7912-4D6C-AD07-4EB4A12AA126}.Release|Any CPU.Build.0 = Release|Any CPU
		{A10179BE-1ECC-4AD4-B830-458882C245F4}.Debug|Any CPU.ActiveCfg = Debug|Any CPU
		{A10179BE-1ECC-4AD4-B830-458882C245F4}.Debug|Any CPU.Build.0 = Debug|Any CPU
		{A10179BE-1ECC-4AD4-B830-458882C245F4}.Release|Any CPU.ActiveCfg = Release|Any CPU
		{A10179BE-1ECC-4AD4-B830-458882C245F4}.Release|Any CPU.Build.0 = Release|Any CPU
		{D9253063-E3D5-4592-9724-6B7816ADE013}.Debug|Any CPU.ActiveCfg = Debug|Any CPU
		{D9253063-E3D5-4592-9724-6B7816ADE013}.Debug|Any CPU.Build.0 = Debug|Any CPU
		{D9253063-E3D5-4592-9724-6B7816ADE013}.Release|Any CPU.ActiveCfg = Release|Any CPU
		{D9253063-E3D5-4592-9724-6B7816ADE013}.Release|Any CPU.Build.0 = Release|Any CPU
		{ED6DE90D-45D6-4900-86AC-BA126DDE8F2E}.Debug|Any CPU.ActiveCfg = Debug|Any CPU
		{ED6DE90D-45D6-4900-86AC-BA126DDE8F2E}.Debug|Any CPU.Build.0 = Debug|Any CPU
		{ED6DE90D-45D6-4900-86AC-BA126DDE8F2E}.Release|Any CPU.ActiveCfg = Release|Any CPU
		{ED6DE90D-45D6-4900-86AC-BA126DDE8F2E}.Release|Any CPU.Build.0 = Release|Any CPU
		{B0948AB2-2645-4F67-A341-8034295A6F43}.Debug|Any CPU.ActiveCfg = Debug|Any CPU
		{B0948AB2-2645-4F67-A341-8034295A6F43}.Debug|Any CPU.Build.0 = Debug|Any CPU
		{B0948AB2-2645-4F67-A341-8034295A6F43}.Release|Any CPU.ActiveCfg = Release|Any CPU
		{B0948AB2-2645-4F67-A341-8034295A6F43}.Release|Any CPU.Build.0 = Release|Any CPU
		{DC8AE2DC-BD69-455D-812E-ABC331BB6AF4}.Debug|Any CPU.ActiveCfg = Debug|Any CPU
		{DC8AE2DC-BD69-455D-812E-ABC331BB6AF4}.Debug|Any CPU.Build.0 = Debug|Any CPU
		{DC8AE2DC-BD69-455D-812E-ABC331BB6AF4}.Release|Any CPU.ActiveCfg = Release|Any CPU
		{DC8AE2DC-BD69-455D-812E-ABC331BB6AF4}.Release|Any CPU.Build.0 = Release|Any CPU
		{7A99212B-F5CC-4585-A6CE-154209980278}.Debug|Any CPU.ActiveCfg = Debug|Any CPU
		{7A99212B-F5CC-4585-A6CE-154209980278}.Debug|Any CPU.Build.0 = Debug|Any CPU
		{7A99212B-F5CC-4585-A6CE-154209980278}.Release|Any CPU.ActiveCfg = Release|Any CPU
		{7A99212B-F5CC-4585-A6CE-154209980278}.Release|Any CPU.Build.0 = Release|Any CPU
		{B972042D-7E6B-43B2-ABA7-95EC7AD83C3E}.Debug|Any CPU.ActiveCfg = Debug|Any CPU
		{B972042D-7E6B-43B2-ABA7-95EC7AD83C3E}.Debug|Any CPU.Build.0 = Debug|Any CPU
		{B972042D-7E6B-43B2-ABA7-95EC7AD83C3E}.Release|Any CPU.ActiveCfg = Release|Any CPU
		{B972042D-7E6B-43B2-ABA7-95EC7AD83C3E}.Release|Any CPU.Build.0 = Release|Any CPU
		{9CBFABBD-1E9B-4BE0-ABC6-3681BAD301B2}.Debug|Any CPU.ActiveCfg = Debug|Any CPU
		{9CBFABBD-1E9B-4BE0-ABC6-3681BAD301B2}.Debug|Any CPU.Build.0 = Debug|Any CPU
		{9CBFABBD-1E9B-4BE0-ABC6-3681BAD301B2}.Release|Any CPU.ActiveCfg = Release|Any CPU
		{9CBFABBD-1E9B-4BE0-ABC6-3681BAD301B2}.Release|Any CPU.Build.0 = Release|Any CPU
		{3A28D624-2654-49FE-B7E1-CAFB13317EFC}.Debug|Any CPU.ActiveCfg = Debug|Any CPU
		{3A28D624-2654-49FE-B7E1-CAFB13317EFC}.Debug|Any CPU.Build.0 = Debug|Any CPU
		{3A28D624-2654-49FE-B7E1-CAFB13317EFC}.Release|Any CPU.ActiveCfg = Release|Any CPU
		{3A28D624-2654-49FE-B7E1-CAFB13317EFC}.Release|Any CPU.Build.0 = Release|Any CPU
		{12083D7C-A219-40AB-BDA9-4CB24DFCBB1B}.Debug|Any CPU.ActiveCfg = Debug|Any CPU
		{12083D7C-A219-40AB-BDA9-4CB24DFCBB1B}.Debug|Any CPU.Build.0 = Debug|Any CPU
		{12083D7C-A219-40AB-BDA9-4CB24DFCBB1B}.Release|Any CPU.ActiveCfg = Release|Any CPU
		{12083D7C-A219-40AB-BDA9-4CB24DFCBB1B}.Release|Any CPU.Build.0 = Release|Any CPU
		{BDAD7D19-C6D8-468A-A00B-0FAB3040DE32}.Debug|Any CPU.ActiveCfg = Debug|Any CPU
		{BDAD7D19-C6D8-468A-A00B-0FAB3040DE32}.Debug|Any CPU.Build.0 = Debug|Any CPU
		{BDAD7D19-C6D8-468A-A00B-0FAB3040DE32}.Release|Any CPU.ActiveCfg = Release|Any CPU
		{BDAD7D19-C6D8-468A-A00B-0FAB3040DE32}.Release|Any CPU.Build.0 = Release|Any CPU
		{D1C8B3FE-AFA3-4293-B30C-0581886852B1}.Debug|Any CPU.ActiveCfg = Debug|Any CPU
		{D1C8B3FE-AFA3-4293-B30C-0581886852B1}.Debug|Any CPU.Build.0 = Debug|Any CPU
		{D1C8B3FE-AFA3-4293-B30C-0581886852B1}.Release|Any CPU.ActiveCfg = Release|Any CPU
		{D1C8B3FE-AFA3-4293-B30C-0581886852B1}.Release|Any CPU.Build.0 = Release|Any CPU
	EndGlobalSection
	GlobalSection(SolutionProperties) = preSolution
		HideSolutionNode = FALSE
	EndGlobalSection
	GlobalSection(ExtensibilityGlobals) = postSolution
		SolutionGuid = {21157275-86EF-4D83-8F25-D4EA0A514003}
	EndGlobalSection
EndGlobal
