
Microsoft Visual Studio Solution File, Format Version 12.00
# Visual Studio Version 16
VisualStudioVersion = 16.0.31702.278
MinimumVisualStudioVersion = 10.0.40219.1
Project("{9A19103F-16F7-4668-BE54-9A1E7A4F7556}") = "szisharo", "szisharo\szisharo.csproj", "{10379747-66BD-4508-933C-FD861F910C95}"
EndProject
Project("{FAE04EC0-301F-11D3-BF4B-00C04F79EFBC}") = "mtable2", "mtable2\mtable2.csproj", "{87408DA9-5D9A-48B9-A8F2-CDAC8B4F023D}"
EndProject
Project("{FAE04EC0-301F-11D3-BF4B-00C04F79EFBC}") = "calculator", "calculator\calculator.csproj", "{307ED5C2-455A-499C-8FE1-F4600083D25E}"
EndProject
Project("{FAE04EC0-301F-11D3-BF4B-00C04F79EFBC}") = "k02.08k", "k02.08k\k02.08k.csproj", "{266D6375-DE82-478D-B48D-3D0380D64873}"
EndProject
Project("{FAE04EC0-301F-11D3-BF4B-00C04F79EFBC}") = "szamszer", "szamszer\szamszer.csproj", "{B979F6ED-AC5B-417F-9A51-A9DCC3E96428}"
EndProject
Project("{FAE04EC0-301F-11D3-BF4B-00C04F79EFBC}") = "szamtomb", "szamtomb\szamtomb.csproj", "{455FCE9E-61F6-4B19-8A16-3290745B2719}"
EndProject
Project("{FAE04EC0-301F-11D3-BF4B-00C04F79EFBC}") = "konyv", "konyv\konyv.csproj", "{415496C4-52AD-4040-8214-F4C86E4E7419}"
EndProject
Project("{FAE04EC0-301F-11D3-BF4B-00C04F79EFBC}") = "szamertek", "szamertek\szamertek.csproj", "{AAE3CA9F-EC76-4DDE-B265-F402F100BFE7}"
EndProject
Project("{FAE04EC0-301F-11D3-BF4B-00C04F79EFBC}") = "legnagyobb", "legnagyobb\legnagyobb.csproj", "{B78C372D-9D3A-482D-A79E-5FDCED3CEF82}"
EndProject
Project("{FAE04EC0-301F-11D3-BF4B-00C04F79EFBC}") = "intervallumotosei", "ConsoleApp1\intervallumotosei.csproj", "{411A800B-C415-4C2C-BCBF-805EB733E908}"
EndProject
Project("{FAE04EC0-301F-11D3-BF4B-00C04F79EFBC}") = "ponthatar", "ponthatar\ponthatar.csproj", "{2945BBD5-6171-4DC0-BEE9-B33F08B69831}"
EndProject
Global
	GlobalSection(SolutionConfigurationPlatforms) = preSolution
		Debug|Any CPU = Debug|Any CPU
		Release|Any CPU = Release|Any CPU
	EndGlobalSection
	GlobalSection(ProjectConfigurationPlatforms) = postSolution
		{10379747-66BD-4508-933C-FD861F910C95}.Debug|Any CPU.ActiveCfg = Debug|Any CPU
		{10379747-66BD-4508-933C-FD861F910C95}.Debug|Any CPU.Build.0 = Debug|Any CPU
		{10379747-66BD-4508-933C-FD861F910C95}.Release|Any CPU.ActiveCfg = Release|Any CPU
		{10379747-66BD-4508-933C-FD861F910C95}.Release|Any CPU.Build.0 = Release|Any CPU
		{87408DA9-5D9A-48B9-A8F2-CDAC8B4F023D}.Debug|Any CPU.ActiveCfg = Debug|Any CPU
		{87408DA9-5D9A-48B9-A8F2-CDAC8B4F023D}.Debug|Any CPU.Build.0 = Debug|Any CPU
		{87408DA9-5D9A-48B9-A8F2-CDAC8B4F023D}.Release|Any CPU.ActiveCfg = Release|Any CPU
		{87408DA9-5D9A-48B9-A8F2-CDAC8B4F023D}.Release|Any CPU.Build.0 = Release|Any CPU
		{307ED5C2-455A-499C-8FE1-F4600083D25E}.Debug|Any CPU.ActiveCfg = Debug|Any CPU
		{307ED5C2-455A-499C-8FE1-F4600083D25E}.Debug|Any CPU.Build.0 = Debug|Any CPU
		{307ED5C2-455A-499C-8FE1-F4600083D25E}.Release|Any CPU.ActiveCfg = Release|Any CPU
		{307ED5C2-455A-499C-8FE1-F4600083D25E}.Release|Any CPU.Build.0 = Release|Any CPU
		{266D6375-DE82-478D-B48D-3D0380D64873}.Debug|Any CPU.ActiveCfg = Debug|Any CPU
		{266D6375-DE82-478D-B48D-3D0380D64873}.Debug|Any CPU.Build.0 = Debug|Any CPU
		{266D6375-DE82-478D-B48D-3D0380D64873}.Release|Any CPU.ActiveCfg = Release|Any CPU
		{266D6375-DE82-478D-B48D-3D0380D64873}.Release|Any CPU.Build.0 = Release|Any CPU
		{B979F6ED-AC5B-417F-9A51-A9DCC3E96428}.Debug|Any CPU.ActiveCfg = Debug|Any CPU
		{B979F6ED-AC5B-417F-9A51-A9DCC3E96428}.Debug|Any CPU.Build.0 = Debug|Any CPU
		{B979F6ED-AC5B-417F-9A51-A9DCC3E96428}.Release|Any CPU.ActiveCfg = Release|Any CPU
		{B979F6ED-AC5B-417F-9A51-A9DCC3E96428}.Release|Any CPU.Build.0 = Release|Any CPU
		{455FCE9E-61F6-4B19-8A16-3290745B2719}.Debug|Any CPU.ActiveCfg = Debug|Any CPU
		{455FCE9E-61F6-4B19-8A16-3290745B2719}.Debug|Any CPU.Build.0 = Debug|Any CPU
		{455FCE9E-61F6-4B19-8A16-3290745B2719}.Release|Any CPU.ActiveCfg = Release|Any CPU
		{455FCE9E-61F6-4B19-8A16-3290745B2719}.Release|Any CPU.Build.0 = Release|Any CPU
		{415496C4-52AD-4040-8214-F4C86E4E7419}.Debug|Any CPU.ActiveCfg = Debug|Any CPU
		{415496C4-52AD-4040-8214-F4C86E4E7419}.Debug|Any CPU.Build.0 = Debug|Any CPU
		{415496C4-52AD-4040-8214-F4C86E4E7419}.Release|Any CPU.ActiveCfg = Release|Any CPU
		{415496C4-52AD-4040-8214-F4C86E4E7419}.Release|Any CPU.Build.0 = Release|Any CPU
		{AAE3CA9F-EC76-4DDE-B265-F402F100BFE7}.Debug|Any CPU.ActiveCfg = Debug|Any CPU
		{AAE3CA9F-EC76-4DDE-B265-F402F100BFE7}.Debug|Any CPU.Build.0 = Debug|Any CPU
		{AAE3CA9F-EC76-4DDE-B265-F402F100BFE7}.Release|Any CPU.ActiveCfg = Release|Any CPU
		{AAE3CA9F-EC76-4DDE-B265-F402F100BFE7}.Release|Any CPU.Build.0 = Release|Any CPU
		{B78C372D-9D3A-482D-A79E-5FDCED3CEF82}.Debug|Any CPU.ActiveCfg = Debug|Any CPU
		{B78C372D-9D3A-482D-A79E-5FDCED3CEF82}.Debug|Any CPU.Build.0 = Debug|Any CPU
		{B78C372D-9D3A-482D-A79E-5FDCED3CEF82}.Release|Any CPU.ActiveCfg = Release|Any CPU
		{B78C372D-9D3A-482D-A79E-5FDCED3CEF82}.Release|Any CPU.Build.0 = Release|Any CPU
		{411A800B-C415-4C2C-BCBF-805EB733E908}.Debug|Any CPU.ActiveCfg = Debug|Any CPU
		{411A800B-C415-4C2C-BCBF-805EB733E908}.Debug|Any CPU.Build.0 = Debug|Any CPU
		{411A800B-C415-4C2C-BCBF-805EB733E908}.Release|Any CPU.ActiveCfg = Release|Any CPU
		{411A800B-C415-4C2C-BCBF-805EB733E908}.Release|Any CPU.Build.0 = Release|Any CPU
		{2945BBD5-6171-4DC0-BEE9-B33F08B69831}.Debug|Any CPU.ActiveCfg = Debug|Any CPU
		{2945BBD5-6171-4DC0-BEE9-B33F08B69831}.Debug|Any CPU.Build.0 = Debug|Any CPU
		{2945BBD5-6171-4DC0-BEE9-B33F08B69831}.Release|Any CPU.ActiveCfg = Release|Any CPU
		{2945BBD5-6171-4DC0-BEE9-B33F08B69831}.Release|Any CPU.Build.0 = Release|Any CPU
	EndGlobalSection
	GlobalSection(SolutionProperties) = preSolution
		HideSolutionNode = FALSE
	EndGlobalSection
	GlobalSection(ExtensibilityGlobals) = postSolution
		SolutionGuid = {21157275-86EF-4D83-8F25-D4EA0A514003}
	EndGlobalSection
EndGlobal
